
Microsoft Visual Studio Solution File, Format Version 12.00
# Visual Studio Version 17
VisualStudioVersion = 17.3.32811.315
MinimumVisualStudioVersion = 10.0.40219.1
Project("{FAE04EC0-301F-11D3-BF4B-00C04F79EFBC}") = "maskedtextBoxlistBoxpictureBox", "maskedtextBoxlistBoxpictureBox\maskedtextBoxlistBoxpictureBox.csproj", "{4A6DAF89-6B98-4B0F-9325-E5E7D010365E}"
EndProject
Global
	GlobalSection(SolutionConfigurationPlatforms) = preSolution
		Debug|Any CPU = Debug|Any CPU
		Release|Any CPU = Release|Any CPU
	EndGlobalSection
	GlobalSection(ProjectConfigurationPlatforms) = postSolution
		{4A6DAF89-6B98-4B0F-9325-E5E7D010365E}.Debug|Any CPU.ActiveCfg = Debug|Any CPU
		{4A6DAF89-6B98-4B0F-9325-E5E7D010365E}.Debug|Any CPU.Build.0 = Debug|Any CPU
		{4A6DAF89-6B98-4B0F-9325-E5E7D010365E}.Release|Any CPU.ActiveCfg = Release|Any CPU
		{4A6DAF89-6B98-4B0F-9325-E5E7D010365E}.Release|Any CPU.Build.0 = Release|Any CPU
	EndGlobalSection
	GlobalSection(SolutionProperties) = preSolution
		HideSolutionNode = FALSE
	EndGlobalSection
	GlobalSection(ExtensibilityGlobals) = postSolution
		SolutionGuid = {86B1C1C9-DE15-438E-B905-CAA5123EACDD}
	EndGlobalSection
EndGlobal
